
Microsoft Visual Studio Solution File, Format Version 12.00
# Visual Studio Version 17
VisualStudioVersion = 17.7.34024.191
MinimumVisualStudioVersion = 10.0.40219.1
Project("{2150E333-8FDC-42A3-9474-1A3956D46DE8}") = "Cliente", "Cliente", "{FC96D2B9-8DE8-4DF6-A38F-7AE40DCCDA2B}"
EndProject
Project("{2150E333-8FDC-42A3-9474-1A3956D46DE8}") = "Servidor", "Servidor", "{BAA2FAF5-5C69-4280-AD00-255C956FFFBA}"
EndProject
Project("{FAE04EC0-301F-11D3-BF4B-00C04F79EFBC}") = "WServicioAutos", "WServicioAutos\WServicioAutos.csproj", "{620CBDD5-7AE6-44E1-A7AF-7031728A1C83}"
EndProject
Project("{FAE04EC0-301F-11D3-BF4B-00C04F79EFBC}") = "Formprin", "Formprin\Formprin.csproj", "{433DDDA8-5CD0-45B1-AE11-1EFD1D9D088C}"
	ProjectSection(ProjectDependencies) = postProject
		{620CBDD5-7AE6-44E1-A7AF-7031728A1C83} = {620CBDD5-7AE6-44E1-A7AF-7031728A1C83}
	EndProjectSection
EndProject
Global
	GlobalSection(SolutionConfigurationPlatforms) = preSolution
		Debug|Any CPU = Debug|Any CPU
		Release|Any CPU = Release|Any CPU
	EndGlobalSection
	GlobalSection(ProjectConfigurationPlatforms) = postSolution
		{620CBDD5-7AE6-44E1-A7AF-7031728A1C83}.Debug|Any CPU.ActiveCfg = Debug|Any CPU
		{620CBDD5-7AE6-44E1-A7AF-7031728A1C83}.Debug|Any CPU.Build.0 = Debug|Any CPU
		{620CBDD5-7AE6-44E1-A7AF-7031728A1C83}.Release|Any CPU.ActiveCfg = Release|Any CPU
		{620CBDD5-7AE6-44E1-A7AF-7031728A1C83}.Release|Any CPU.Build.0 = Release|Any CPU
		{433DDDA8-5CD0-45B1-AE11-1EFD1D9D088C}.Debug|Any CPU.ActiveCfg = Debug|Any CPU
		{433DDDA8-5CD0-45B1-AE11-1EFD1D9D088C}.Debug|Any CPU.Build.0 = Debug|Any CPU
		{433DDDA8-5CD0-45B1-AE11-1EFD1D9D088C}.Release|Any CPU.ActiveCfg = Release|Any CPU
		{433DDDA8-5CD0-45B1-AE11-1EFD1D9D088C}.Release|Any CPU.Build.0 = Release|Any CPU
	EndGlobalSection
	GlobalSection(SolutionProperties) = preSolution
		HideSolutionNode = FALSE
	EndGlobalSection
	GlobalSection(NestedProjects) = preSolution
		{620CBDD5-7AE6-44E1-A7AF-7031728A1C83} = {BAA2FAF5-5C69-4280-AD00-255C956FFFBA}
		{433DDDA8-5CD0-45B1-AE11-1EFD1D9D088C} = {FC96D2B9-8DE8-4DF6-A38F-7AE40DCCDA2B}
	EndGlobalSection
	GlobalSection(ExtensibilityGlobals) = postSolution
		SolutionGuid = {90A2158A-8DF7-4400-8561-52727B30DBBD}
	EndGlobalSection
EndGlobal
